
Microsoft Visual Studio Solution File, Format Version 12.00
# Visual Studio Version 16
VisualStudioVersion = 16.0.30611.23
MinimumVisualStudioVersion = 10.0.40219.1
Project("{FAE04EC0-301F-11D3-BF4B-00C04F79EFBC}") = "AgileCoronaApp", "AgileCoronaApp\AgileCoronaApp.csproj", "{9C4C8FEA-2DFF-4F08-80C8-7BD6585C5BA3}"
EndProject
Global
	GlobalSection(SolutionConfigurationPlatforms) = preSolution
		Debug|Any CPU = Debug|Any CPU
		Release|Any CPU = Release|Any CPU
	EndGlobalSection
	GlobalSection(ProjectConfigurationPlatforms) = postSolution
		{9C4C8FEA-2DFF-4F08-80C8-7BD6585C5BA3}.Debug|Any CPU.ActiveCfg = Debug|Any CPU
		{9C4C8FEA-2DFF-4F08-80C8-7BD6585C5BA3}.Debug|Any CPU.Build.0 = Debug|Any CPU
		{9C4C8FEA-2DFF-4F08-80C8-7BD6585C5BA3}.Release|Any CPU.ActiveCfg = Release|Any CPU
		{9C4C8FEA-2DFF-4F08-80C8-7BD6585C5BA3}.Release|Any CPU.Build.0 = Release|Any CPU
	EndGlobalSection
	GlobalSection(SolutionProperties) = preSolution
		HideSolutionNode = FALSE
	EndGlobalSection
	GlobalSection(ExtensibilityGlobals) = postSolution
		SolutionGuid = {B786E7B1-2630-45EB-9C36-B94FDAC7B45E}
	EndGlobalSection
EndGlobal
